
Microsoft Visual Studio Solution File, Format Version 12.00
# Visual Studio Version 17
VisualStudioVersion = 17.8.34330.188
MinimumVisualStudioVersion = 10.0.40219.1
Project("{FAE04EC0-301F-11D3-BF4B-00C04F79EFBC}") = "NetFileStreamApp", "NetFileStreamApp\NetFileStreamApp.csproj", "{9942A1AE-489C-42A8-9885-580287E36980}"
EndProject
Global
	GlobalSection(SolutionConfigurationPlatforms) = preSolution
		Debug|Any CPU = Debug|Any CPU
		Release|Any CPU = Release|Any CPU
	EndGlobalSection
	GlobalSection(ProjectConfigurationPlatforms) = postSolution
		{9942A1AE-489C-42A8-9885-580287E36980}.Debug|Any CPU.ActiveCfg = Debug|Any CPU
		{9942A1AE-489C-42A8-9885-580287E36980}.Debug|Any CPU.Build.0 = Debug|Any CPU
		{9942A1AE-489C-42A8-9885-580287E36980}.Release|Any CPU.ActiveCfg = Release|Any CPU
		{9942A1AE-489C-42A8-9885-580287E36980}.Release|Any CPU.Build.0 = Release|Any CPU
	EndGlobalSection
	GlobalSection(SolutionProperties) = preSolution
		HideSolutionNode = FALSE
	EndGlobalSection
	GlobalSection(ExtensibilityGlobals) = postSolution
		SolutionGuid = {F8F0B9B0-288C-4130-AE57-2A55F0AAF16B}
	EndGlobalSection
EndGlobal
